{
  "originHash" : "733e5da93248fbbfb94adfeb1345a13bcbc4e69fdae2b28a560575e1cbcb486b",
  "pins" : [
    {
      "identity" : "grdb.swift",
      "kind" : "remoteSourceControl",
      "location" : "https://github.com/sqlcipher/GRDB.swift.git",
      "state" : {
        "revision" : "a285e4ca87ec6b3584c97b0ec25fc61fec02de60",
        "version" : "7.11.1"
      }
    },
    {
      "identity" : "sqlcipher.swift",
      "kind" : "remoteSourceControl",
      "location" : "https://github.com/sqlcipher/SQLCipher.swift.git",
      "state" : {
        "revision" : "39f212458aeb88e33bdac2200a793a3f0d55d32b",
        "version" : "4.19.0"
      }
    }
  ],
  "version" : 3
}
